
Microsoft Visual Studio Solution File, Format Version 12.00
Project("{FAE04EC0-301F-11D3-BF4B-00C04F79EFBC}") = "Cloudey.Reflex.Authorization", "Cloudey.Reflex.Authorization\Cloudey.Reflex.Authorization.csproj", "{1FDBB6D0-AE32-4F70-AD39-32055017CA37}"
EndProject
Project("{FAE04EC0-301F-11D3-BF4B-00C04F79EFBC}") = "Cloudey.Reflex.Authorization.HotChocolate", "Cloudey.Reflex.Authorization.HotChocolate\Cloudey.Reflex.Authorization.HotChocolate.csproj", "{D4B44E49-593D-49FC-B7D3-039207113F61}"
EndProject
Project("{FAE04EC0-301F-11D3-BF4B-00C04F79EFBC}") = "Cloudey.Reflex.Core", "Cloudey.Reflex.Core\Cloudey.Reflex.Core.csproj", "{E2DE9F96-5188-4927-A68A-92B052378386}"
EndProject
Project("{FAE04EC0-301F-11D3-BF4B-00C04F79EFBC}") = "Cloudey.Reflex.Database", "Cloudey.Reflex.Database\Cloudey.Reflex.Database.csproj", "{6C6A71E8-CEC3-4272-A41D-F298A9370766}"
EndProject
Project("{FAE04EC0-301F-11D3-BF4B-00C04F79EFBC}") = "Cloudey.Reflex.GraphQL", "Cloudey.Reflex.GraphQL\Cloudey.Reflex.GraphQL.csproj", "{F96C009B-7C2D-4CD3-8A1C-45E59692A3E7}"
EndProject
Global
	GlobalSection(SolutionConfigurationPlatforms) = preSolution
		Debug|Any CPU = Debug|Any CPU
		Release|Any CPU = Release|Any CPU
	EndGlobalSection
	GlobalSection(ProjectConfigurationPlatforms) = postSolution
		{1FDBB6D0-AE32-4F70-AD39-32055017CA37}.Debug|Any CPU.ActiveCfg = Debug|Any CPU
		{1FDBB6D0-AE32-4F70-AD39-32055017CA37}.Debug|Any CPU.Build.0 = Debug|Any CPU
		{1FDBB6D0-AE32-4F70-AD39-32055017CA37}.Release|Any CPU.ActiveCfg = Release|Any CPU
		{1FDBB6D0-AE32-4F70-AD39-32055017CA37}.Release|Any CPU.Build.0 = Release|Any CPU
		{D4B44E49-593D-49FC-B7D3-039207113F61}.Debug|Any CPU.ActiveCfg = Debug|Any CPU
		{D4B44E49-593D-49FC-B7D3-039207113F61}.Debug|Any CPU.Build.0 = Debug|Any CPU
		{D4B44E49-593D-49FC-B7D3-039207113F61}.Release|Any CPU.ActiveCfg = Release|Any CPU
		{D4B44E49-593D-49FC-B7D3-039207113F61}.Release|Any CPU.Build.0 = Release|Any CPU
		{E2DE9F96-5188-4927-A68A-92B052378386}.Debug|Any CPU.ActiveCfg = Debug|Any CPU
		{E2DE9F96-5188-4927-A68A-92B052378386}.Debug|Any CPU.Build.0 = Debug|Any CPU
		{E2DE9F96-5188-4927-A68A-92B052378386}.Release|Any CPU.ActiveCfg = Release|Any CPU
		{E2DE9F96-5188-4927-A68A-92B052378386}.Release|Any CPU.Build.0 = Release|Any CPU
		{6C6A71E8-CEC3-4272-A41D-F298A9370766}.Debug|Any CPU.ActiveCfg = Debug|Any CPU
		{6C6A71E8-CEC3-4272-A41D-F298A9370766}.Debug|Any CPU.Build.0 = Debug|Any CPU
		{6C6A71E8-CEC3-4272-A41D-F298A9370766}.Release|Any CPU.ActiveCfg = Release|Any CPU
		{6C6A71E8-CEC3-4272-A41D-F298A9370766}.Release|Any CPU.Build.0 = Release|Any CPU
		{F96C009B-7C2D-4CD3-8A1C-45E59692A3E7}.Debug|Any CPU.ActiveCfg = Debug|Any CPU
		{F96C009B-7C2D-4CD3-8A1C-45E59692A3E7}.Debug|Any CPU.Build.0 = Debug|Any CPU
		{F96C009B-7C2D-4CD3-8A1C-45E59692A3E7}.Release|Any CPU.ActiveCfg = Release|Any CPU
		{F96C009B-7C2D-4CD3-8A1C-45E59692A3E7}.Release|Any CPU.Build.0 = Release|Any CPU
	EndGlobalSection
EndGlobal
